// !$*UTF8*$!
{
	archiveVersion = 1;
	classes = {
	};
	objectVersion = 46;
	objects = {

/* Begin PBXBuildFile section */
		FCA965AA1CFAC98D00DEA223 /* AppDelegate.swift in Sources */ = {isa = PBXBuildFile; fileRef = FCA965A91CFAC98D00DEA223 /* AppDelegate.swift */; };
		FCA965AC1CFAC98D00DEA223 /* ViewController.swift in Sources */ = {isa = PBXBuildFile; fileRef = FCA965AB1CFAC98D00DEA223 /* ViewController.swift */; };
		FCA965AF1CFAC98D00DEA223 /* Main.storyboard in Resources */ = {isa = PBXBuildFile; fileRef = FCA965AD1CFAC98D00DEA223 /* Main.storyboard */; };
		FCA965B11CFAC98D00DEA223 /* Assets.xcassets in Resources */ = {isa = PBXBuildFile; fileRef = FCA965B01CFAC98D00DEA223 /* Assets.xcassets */; };
		FCA965B41CFAC98D00DEA223 /* LaunchScreen.storyboard in Resources */ = {isa = PBXBuildFile; fileRef = FCA965B21CFAC98D00DEA223 /* LaunchScreen.storyboard */; };
		FCA965BE1CFAD27D00DEA223 /* Cafe.swift in Sources */ = {isa = PBXBuildFile; fileRef = FCA965BD1CFAD27D00DEA223 /* Cafe.swift */; };
		FCA965C01CFAD38400DEA223 /* cafes.plist in Resources */ = {isa = PBXBuildFile; fileRef = FCA965BF1CFAD38400DEA223 /* cafes.plist */; };
		FCA965C21CFAEB7F00DEA223 /* CoffeeCup.svg in Resources */ = {isa = PBXBuildFile; fileRef = FCA965C11CFAEB7E00DEA223 /* CoffeeCup.svg */; };
		FCA965C41CFAEF1500DEA223 /* CoffeeCup.png in Resources */ = {isa = PBXBuildFile; fileRef = FCA965C31CFAEF1500DEA223 /* CoffeeCup.png */; };
		FCA965C61CFAF0EC00DEA223 /* hamburger.png in Resources */ = {isa = PBXBuildFile; fileRef = FCA965C51CFAF0EC00DEA223 /* hamburger.png */; };
		FCC0DC5D1D04009A00C372E4 /* MapKit.framework in Frameworks */ = {isa = PBXBuildFile; fileRef = FCC0DC5C1D04009A00C372E4 /* MapKit.framework */; };
/* End PBXBuildFile section */

/* Begin PBXFileReference section */
		FCA965A61CFAC98C00DEA223 /* Good Coffee - Melbourne.app */ = {isa = PBXFileReference; explicitFileType = wrapper.application; includeInIndex = 0; path = "Good Coffee - Melbourne.app"; sourceTree = BUILT_PRODUCTS_DIR; };
		FCA965A91CFAC98D00DEA223 /* AppDelegate.swift */ = {isa = PBXFileReference; lastKnownFileType = sourcecode.swift; path = AppDelegate.swift; sourceTree = "<group>"; };
		FCA965AB1CFAC98D00DEA223 /* ViewController.swift */ = {isa = PBXFileReference; lastKnownFileType = sourcecode.swift; path = ViewController.swift; sourceTree = "<group>"; };
		FCA965AE1CFAC98D00DEA223 /* Base */ = {isa = PBXFileReference; lastKnownFileType = file.storyboard; name = Base; path = Base.lproj/Main.storyboard; sourceTree = "<group>"; };
		FCA965B01CFAC98D00DEA223 /* Assets.xcassets */ = {isa = PBXFileReference; lastKnownFileType = folder.assetcatalog; path = Assets.xcassets; sourceTree = "<group>"; };
		FCA965B31CFAC98D00DEA223 /* Base */ = {isa = PBXFileReference; lastKnownFileType = file.storyboard; name = Base; path = Base.lproj/LaunchScreen.storyboard; sourceTree = "<group>"; };
		FCA965B51CFAC98D00DEA223 /* Info.plist */ = {isa = PBXFileReference; lastKnownFileType = text.plist.xml; path = Info.plist; sourceTree = "<group>"; };
		FCA965BD1CFAD27D00DEA223 /* Cafe.swift */ = {isa = PBXFileReference; fileEncoding = 4; lastKnownFileType = sourcecode.swift; path = Cafe.swift; sourceTree = "<group>"; };
		FCA965BF1CFAD38400DEA223 /* cafes.plist */ = {isa = PBXFileReference; fileEncoding = 4; lastKnownFileType = text.plist.xml; path = cafes.plist; sourceTree = "<group>"; };
		FCA965C11CFAEB7E00DEA223 /* CoffeeCup.svg */ = {isa = PBXFileReference; fileEncoding = 4; lastKnownFileType = text.xml; path = CoffeeCup.svg; sourceTree = "<group>"; };
		FCA965C31CFAEF1500DEA223 /* CoffeeCup.png */ = {isa = PBXFileReference; lastKnownFileType = image.png; path = CoffeeCup.png; sourceTree = "<group>"; };
		FCA965C51CFAF0EC00DEA223 /* hamburger.png */ = {isa = PBXFileReference; lastKnownFileType = image.png; path = hamburger.png; sourceTree = "<group>"; };
		FCC0DC5C1D04009A00C372E4 /* MapKit.framework */ = {isa = PBXFileReference; lastKnownFileType = wrapper.framework; name = MapKit.framework; path = System/Library/Frameworks/MapKit.framework; sourceTree = SDKROOT; };
/* End PBXFileReference section */

/* Begin PBXFrameworksBuildPhase section */
		FCA965A31CFAC98C00DEA223 /* Frameworks */ = {
			isa = PBXFrameworksBuildPhase;
			buildActionMask = 2147483647;
			files = (
				FCC0DC5D1D04009A00C372E4 /* MapKit.framework in Frameworks */,
			);
			runOnlyForDeploymentPostprocessing = 0;
		};
/* End PBXFrameworksBuildPhase section */

/* Begin PBXGroup section */
		FCA9659D1CFAC98C00DEA223 = {
			isa = PBXGroup;
			children = (
				FCC0DC5C1D04009A00C372E4 /* MapKit.framework */,
				FCA965A81CFAC98D00DEA223 /* Good Coffee - Melbourne */,
				FCA965A71CFAC98C00DEA223 /* Products */,
			);
			sourceTree = "<group>";
		};
		FCA965A71CFAC98C00DEA223 /* Products */ = {
			isa = PBXGroup;
			children = (
				FCA965A61CFAC98C00DEA223 /* Good Coffee - Melbourne.app */,
			);
			name = Products;
			sourceTree = "<group>";
		};
		FCA965A81CFAC98D00DEA223 /* Good Coffee - Melbourne */ = {
			isa = PBXGroup;
			children = (
				FCA965A91CFAC98D00DEA223 /* AppDelegate.swift */,
				FCA965AB1CFAC98D00DEA223 /* ViewController.swift */,
				FCA965BD1CFAD27D00DEA223 /* Cafe.swift */,
				FCA965AD1CFAC98D00DEA223 /* Main.storyboard */,
				FCA965B01CFAC98D00DEA223 /* Assets.xcassets */,
				FCA965B21CFAC98D00DEA223 /* LaunchScreen.storyboard */,
				FCA965B51CFAC98D00DEA223 /* Info.plist */,
				FCA965BF1CFAD38400DEA223 /* cafes.plist */,
				FCA965C31CFAEF1500DEA223 /* CoffeeCup.png */,
				FCA965C51CFAF0EC00DEA223 /* hamburger.png */,
				FCA965C11CFAEB7E00DEA223 /* CoffeeCup.svg */,
			);
			path = "Good Coffee - Melbourne";
			sourceTree = "<group>";
		};
/* End PBXGroup section */

/* Begin PBXNativeTarget section */
		FCA965A51CFAC98C00DEA223 /* Good Coffee - Melbourne */ = {
			isa = PBXNativeTarget;
			buildConfigurationList = FCA965B81CFAC98D00DEA223 /* Build configuration list for PBXNativeTarget "Good Coffee - Melbourne" */;
			buildPhases = (
				FCA965A21CFAC98C00DEA223 /* Sources */,
				FCA965A31CFAC98C00DEA223 /* Frameworks */,
				FCA965A41CFAC98C00DEA223 /* Resources */,
			);
			buildRules = (
			);
			dependencies = (
			);
			name = "Good Coffee - Melbourne";
			productName = "Good Coffee - Melbourne";
			productReference = FCA965A61CFAC98C00DEA223 /* Good Coffee - Melbourne.app */;
			productType = "com.apple.product-type.application";
		};
/* End PBXNativeTarget section */

/* Begin PBXProject section */
		FCA9659E1CFAC98C00DEA223 /* Project object */ = {
			isa = PBXProject;
			attributes = {
				LastSwiftUpdateCheck = 0730;
				LastUpgradeCheck = 0730;
				ORGANIZATIONNAME = "Tom King";
				TargetAttributes = {
					FCA965A51CFAC98C00DEA223 = {
						CreatedOnToolsVersion = 7.3.1;
						DevelopmentTeam = X27G2C5D8W;
						SystemCapabilities = {
							com.apple.Maps.iOS = {
								enabled = 1;
							};
						};
					};
				};
			};
			buildConfigurationList = FCA965A11CFAC98C00DEA223 /* Build configuration list for PBXProject "Good Coffee - Melbourne" */;
			compatibilityVersion = "Xcode 3.2";
			developmentRegion = English;
			hasScannedForEncodings = 0;
			knownRegions = (
				en,
				Base,
			);
			mainGroup = FCA9659D1CFAC98C00DEA223;
			productRefGroup = FCA965A71CFAC98C00DEA223 /* Products */;
			projectDirPath = "";
			projectRoot = "";
			targets = (
				FCA965A51CFAC98C00DEA223 /* Good Coffee - Melbourne */,
			);
		};
/* End PBXProject section */

/* Begin PBXResourcesBuildPhase section */
		FCA965A41CFAC98C00DEA223 /* Resources */ = {
			isa = PBXResourcesBuildPhase;
			buildActionMask = 2147483647;
			files = (
				FCA965B41CFAC98D00DEA223 /* LaunchScreen.storyboard in Resources */,
				FCA965C61CFAF0EC00DEA223 /* hamburger.png in Resources */,
				FCA965C01CFAD38400DEA223 /* cafes.plist in Resources */,
				FCA965B11CFAC98D00DEA223 /* Assets.xcassets in Resources */,
				FCA965C21CFAEB7F00DEA223 /* CoffeeCup.svg in Resources */,
				FCA965C41CFAEF1500DEA223 /* CoffeeCup.png in Resources */,
				FCA965AF1CFAC98D00DEA223 /* Main.storyboard in Resources */,
			);
			runOnlyForDeploymentPostprocessing = 0;
		};
/* End PBXResourcesBuildPhase section */

/* Begin PBXSourcesBuildPhase section */
		FCA965A21CFAC98C00DEA223 /* Sources */ = {
			isa = PBXSourcesBuildPhase;
			buildActionMask = 2147483647;
			files = (
				FCA965AC1CFAC98D00DEA223 /* ViewController.swift in Sources */,
				FCA965AA1CFAC98D00DEA223 /* AppDelegate.swift in Sources */,
				FCA965BE1CFAD27D00DEA223 /* Cafe.swift in Sources */,
			);
			runOnlyForDeploymentPostprocessing = 0;
		};
/* End PBXSourcesBuildPhase section */

/* Begin PBXVariantGroup section */
		FCA965AD1CFAC98D00DEA223 /* Main.storyboard */ = {
			isa = PBXVariantGroup;
			children = (
				FCA965AE1CFAC98D00DEA223 /* Base */,
			);
			name = Main.storyboard;
			sourceTree = "<group>";
		};
		FCA965B21CFAC98D00DEA223 /* LaunchScreen.storyboard */ = {
			isa = PBXVariantGroup;
			children = (
				FCA965B31CFAC98D00DEA223 /* Base */,
			);
			name = LaunchScreen.storyboard;
			sourceTree = "<group>";
		};
/* End PBXVariantGroup section */

/* Begin XCBuildConfiguration section */
		FCA965B61CFAC98D00DEA223 /* Debug */ = {
			isa = XCBuildConfiguration;
			buildSettings = {
				ALWAYS_SEARCH_USER_PATHS = NO;
				CLANG_ANALYZER_NONNULL = YES;
				CLANG_CXX_LANGUAGE_STANDARD = "gnu++0x";
				CLANG_CXX_LIBRARY = "libc++";
				CLANG_ENABLE_MODULES = YES;
				CLANG_ENABLE_OBJC_ARC = YES;
				CLANG_WARN_BOOL_CONVERSION = YES;
				CLANG_WARN_CONSTANT_CONVERSION = YES;
				CLANG_WARN_DIRECT_OBJC_ISA_USAGE = YES_ERROR;
				CLANG_WARN_EMPTY_BODY = YES;
				CLANG_WARN_ENUM_CONVERSION = YES;
				CLANG_WARN_INT_CONVERSION = YES;
				CLANG_WARN_OBJC_ROOT_CLASS = YES_ERROR;
				CLANG_WARN_UNREACHABLE_CODE = YES;
				CLANG_WARN__DUPLICATE_METHOD_MATCH = YES;
				"CODE_SIGN_IDENTITY[sdk=iphoneos*]" = "iPhone Developer";
				COPY_PHASE_STRIP = NO;
				DEBUG_INFORMATION_FORMAT = dwarf;
				ENABLE_STRICT_OBJC_MSGSEND = YES;
				ENABLE_TESTABILITY = YES;
				GCC_C_LANGUAGE_STANDARD = gnu99;
				GCC_DYNAMIC_NO_PIC = NO;
				GCC_NO_COMMON_BLOCKS = YES;
				GCC_OPTIMIZATION_LEVEL = 0;
				GCC_PREPROCESSOR_DEFINITIONS = (
					"DEBUG=1",
					"$(inherited)",
				);
				GCC_WARN_64_TO_32_BIT_CONVERSION = YES;
				GCC_WARN_ABOUT_RETURN_TYPE = YES_ERROR;
				GCC_WARN_UNDECLARED_SELECTOR = YES;
				GCC_WARN_UNINITIALIZED_AUTOS = YES_AGGRESSIVE;
				GCC_WARN_UNUSED_FUNCTION = YES;
				GCC_WARN_UNUSED_VARIABLE = YES;
				IPHONEOS_DEPLOYMENT_TARGET = 9.3;
				MTL_ENABLE_DEBUG_INFO = YES;
				ONLY_ACTIVE_ARCH = YES;
				SDKROOT = iphoneos;
				SWIFT_OPTIMIZATION_LEVEL = "-Onone";
			};
			name = Debug;
		};
		FCA965B71CFAC98D00DEA223 /* Release */ = {
			isa = XCBuildConfiguration;
			buildSettings = {
				ALWAYS_SEARCH_USER_PATHS = NO;
				CLANG_ANALYZER_NONNULL = YES;
				CLANG_CXX_LANGUAGE_STANDARD = "gnu++0x";
				CLANG_CXX_LIBRARY = "libc++";
				CLANG_ENABLE_MODULES = YES;
				CLANG_ENABLE_OBJC_ARC = YES;
				CLANG_WARN_BOOL_CONVERSION = YES;
				CLANG_WARN_CONSTANT_CONVERSION = YES;
				CLANG_WARN_DIRECT_OBJC_ISA_USAGE = YES_ERROR;
				CLANG_WARN_EMPTY_BODY = YES;
				CLANG_WARN_ENUM_CONVERSION = YES;
				CLANG_WARN_INT_CONVERSION = YES;
				CLANG_WARN_OBJC_ROOT_CLASS = YES_ERROR;
				CLANG_WARN_UNREACHABLE_CODE = YES;
				CLANG_WARN__DUPLICATE_METHOD_MATCH = YES;
				"CODE_SIGN_IDENTITY[sdk=iphoneos*]" = "iPhone Developer";
				COPY_PHASE_STRIP = NO;
				DEBUG_INFORMATION_FORMAT = "dwarf-with-dsym";
				ENABLE_NS_ASSERTIONS = NO;
				ENABLE_STRICT_OBJC_MSGSEND = YES;
				GCC_C_LANGUAGE_STANDARD = gnu99;
				GCC_NO_COMMON_BLOCKS = YES;
				GCC_WARN_64_TO_32_BIT_CONVERSION = YES;
				GCC_WARN_ABOUT_RETURN_TYPE = YES_ERROR;
				GCC_WARN_UNDECLARED_SELECTOR = YES;
				GCC_WARN_UNINITIALIZED_AUTOS = YES_AGGRESSIVE;
				GCC_WARN_UNUSED_FUNCTION = YES;
				GCC_WARN_UNUSED_VARIABLE = YES;
				IPHONEOS_DEPLOYMENT_TARGET = 9.3;
				MTL_ENABLE_DEBUG_INFO = NO;
				SDKROOT = iphoneos;
				VALIDATE_PRODUCT = YES;
			};
			name = Release;
		};
		FCA965B91CFAC98D00DEA223 /* Debug */ = {
			isa = XCBuildConfiguration;
			buildSettings = {
				ASSETCATALOG_COMPILER_APPICON_NAME = AppIcon;
				INFOPLIST_FILE = "Good Coffee - Melbourne/Info.plist";
				LD_RUNPATH_SEARCH_PATHS = "$(inherited) @executable_path/Frameworks";
				PRODUCT_BUNDLE_IDENTIFIER = "smilingflash.Good-Coffee---Melbourne";
				PRODUCT_NAME = "$(TARGET_NAME)";
			};
			name = Debug;
		};
		FCA965BA1CFAC98D00DEA223 /* Release */ = {
			isa = XCBuildConfiguration;
			buildSettings = {
				ASSETCATALOG_COMPILER_APPICON_NAME = AppIcon;
				INFOPLIST_FILE = "Good Coffee - Melbourne/Info.plist";
				LD_RUNPATH_SEARCH_PATHS = "$(inherited) @executable_path/Frameworks";
				PRODUCT_BUNDLE_IDENTIFIER = "smilingflash.Good-Coffee---Melbourne";
				PRODUCT_NAME = "$(TARGET_NAME)";
			};
			name = Release;
		};
/* End XCBuildConfiguration section */

/* Begin XCConfigurationList section */
		FCA965A11CFAC98C00DEA223 /* Build configuration list for PBXProject "Good Coffee - Melbourne" */ = {
			isa = XCConfigurationList;
			buildConfigurations = (
				FCA965B61CFAC98D00DEA223 /* Debug */,
				FCA965B71CFAC98D00DEA223 /* Release */,
			);
			defaultConfigurationIsVisible = 0;
			defaultConfigurationName = Release;
		};
		FCA965B81CFAC98D00DEA223 /* Build configuration list for PBXNativeTarget "Good Coffee - Melbourne" */ = {
			isa = XCConfigurationList;
			buildConfigurations = (
				FCA965B91CFAC98D00DEA223 /* Debug */,
				FCA965BA1CFAC98D00DEA223 /* Release */,
			);
			defaultConfigurationIsVisible = 0;
			defaultConfigurationName = Release;
		};
/* End XCConfigurationList section */
	};
	rootObject = FCA9659E1CFAC98C00DEA223 /* Project object */;
}
